
Microsoft Visual Studio Solution File, Format Version 12.00
# Visual Studio Version 17
VisualStudioVersion = 17.1.32421.90
MinimumVisualStudioVersion = 10.0.40219.1
Project("{9A19103F-16F7-4668-BE54-9A1E7A4F7556}") = "HLmod.XenForo.LanguageTool", "HLmod.XenForo.LanguageTool.csproj", "{1A4EBA85-5A7F-4F36-AB81-62C499706FDA}"
EndProject
Global
	GlobalSection(SolutionConfigurationPlatforms) = preSolution
		Debug|Any CPU = Debug|Any CPU
		Release|Any CPU = Release|Any CPU
	EndGlobalSection
	GlobalSection(ProjectConfigurationPlatforms) = postSolution
		{1A4EBA85-5A7F-4F36-AB81-62C499706FDA}.Debug|Any CPU.ActiveCfg = Debug|Any CPU
		{1A4EBA85-5A7F-4F36-AB81-62C499706FDA}.Debug|Any CPU.Build.0 = Debug|Any CPU
		{1A4EBA85-5A7F-4F36-AB81-62C499706FDA}.Release|Any CPU.ActiveCfg = Release|Any CPU
		{1A4EBA85-5A7F-4F36-AB81-62C499706FDA}.Release|Any CPU.Build.0 = Release|Any CPU
	EndGlobalSection
	GlobalSection(SolutionProperties) = preSolution
		HideSolutionNode = FALSE
	EndGlobalSection
	GlobalSection(ExtensibilityGlobals) = postSolution
		SolutionGuid = {42B09077-2978-4051-8CA8-FB39244D2D4E}
	EndGlobalSection
EndGlobal
